<?xml version="1.0" encoding="utf-8"?>
<Project ToolsVersion="4.0" xmlns="http://schemas.microsoft.com/developer/msbuild/2003">
  <ItemGroup>
    <Filter Include="Source Files">
      <UniqueIdentifier>{4FC737F1-C7A5-4376-A066-2A32D752A2FF}</UniqueIdentifier>
      <Extensions>cpp;c;cc;cxx;def;odl;idl;hpj;bat;asm;asmx</Extensions>
    </Filter>
    <Filter Include="Header Files">
      <UniqueIdentifier>{93995380-89BD-4b04-88EB-625FBE52EBFB}</UniqueIdentifier>
      <Extensions>h;hh;hpp;hxx;hm;inl;inc;xsd</Extensions>
    </Filter>
    <Filter Include="Resource Files">
      <UniqueIdentifier>{67DA6AB6-F800-4c08-8B7A-83BB121AAD01}</UniqueIdentifier>
      <Extensions>rc;ico;cur;bmp;dlg;rc2;rct;bin;rgs;gif;jpg;jpeg;jpe;resx;tiff;tif;png;wav;mfcribbon-ms</Extensions>
    </Filter>
  </ItemGroup>
  <ItemGroup>
    <ClCompile Include="src\main.cpp">
      <Filter>Source Files</Filter>
    </ClCompile>
    <ClCompile Include="src\ui\userinterfacebase.cpp">
      <Filter>Source Files</Filter>
    </ClCompile>
    <ClCompile Include="src\ui\cnsl\userinterface.cpp">
      <Filter>Source Files</Filter>
    </ClCompile>
    <ClCompile Include="src\game\game.cpp">
      <Filter>Source Files</Filter>
    </ClCompile>
    <ClCompile Include="src\ui\cnsl\state\menu.cpp">
      <Filter>Source Files</Filter>
    </ClCompile>
    <ClCompile Include="src\ui\cnsl\state\base.cpp">
      <Filter>Source Files</Filter>
    </ClCompile>
    <ClCompile Include="src\ui\cnsl\state\factory.cpp">
      <Filter>Source Files</Filter>
    </ClCompile>
    <ClCompile Include="src\ui\cnsl\state\herocreation.cpp">
      <Filter>Source Files</Filter>
    </ClCompile>
    <ClCompile Include="src\game\hero.cpp">
      <Filter>Source Files</Filter>
    </ClCompile>
    <ClCompile Include="src\game\dungeon.cpp">
      <Filter>Source Files</Filter>
    </ClCompile>
    <ClCompile Include="src\game\items\weapon.cpp">
      <Filter>Source Files</Filter>
    </ClCompile>
    <ClCompile Include="src\game\items\talisman.cpp">
      <Filter>Source Files</Filter>
    </ClCompile>
    <ClCompile Include="src\game\items\shield.cpp">
      <Filter>Source Files</Filter>
    </ClCompile>
    <ClCompile Include="src\game\items\potion.cpp">
      <Filter>Source Files</Filter>
    </ClCompile>
    <ClCompile Include="src\game\items\grenade.cpp">
      <Filter>Source Files</Filter>
    </ClCompile>
    <ClCompile Include="src\game\items\item.cpp">
      <Filter>Source Files</Filter>
    </ClCompile>
    <ClCompile Include="src\ui\cnsl\state\heroselection.cpp">
      <Filter>Source Files</Filter>
    </ClCompile>
    <ClCompile Include="src\ui\cnsl\state\context.cpp">
      <Filter>Source Files</Filter>
    </ClCompile>
    <ClCompile Include="src\game\errorcategory.cpp">
      <Filter>Source Files</Filter>
    </ClCompile>
    <ClCompile Include="src\ui\cnsl\state\dungeonselection.cpp">
      <Filter>Source Files</Filter>
    </ClCompile>
    <ClCompile Include="src\ui\cnsl\state\map.cpp">
      <Filter>Source Files</Filter>
    </ClCompile>
    <ClCompile Include="src\game\dungeonlayer.cpp">
      <Filter>Source Files</Filter>
    </ClCompile>
    <ClCompile Include="src\game\dungeonrow.cpp">
      <Filter>Source Files</Filter>
    </ClCompile>
    <ClCompile Include="src\game\nodes\visitor.cpp">
      <Filter>Source Files</Filter>
    </ClCompile>
    <ClCompile Include="src\game\nodes\node.cpp">
      <Filter>Source Files</Filter>
    </ClCompile>
    <ClCompile Include="src\game\nodes\corridor.cpp">
      <Filter>Source Files</Filter>
    </ClCompile>
    <ClCompile Include="src\game\nodes\room.cpp">
      <Filter>Source Files</Filter>
    </ClCompile>
    <ClCompile Include="src\game\nodes\horizontalcorridor.cpp">
      <Filter>Source Files</Filter>
    </ClCompile>
    <ClCompile Include="src\game\nodes\verticalcorridor.cpp">
      <Filter>Source Files</Filter>
    </ClCompile>
    <ClCompile Include="src\ui\cnsl\state\room.cpp">
      <Filter>Source Files</Filter>
    </ClCompile>
    <ClCompile Include="src\game\nodes\stairsdown.cpp">
      <Filter>Source Files</Filter>
    </ClCompile>
    <ClCompile Include="src\game\nodes\stairsup.cpp">
      <Filter>Source Files</Filter>
    </ClCompile>
    <ClCompile Include="src\game\nodes\space.cpp">
      <Filter>Source Files</Filter>
    </ClCompile>
    <ClCompile Include="src\game\monster.cpp">
      <Filter>Source Files</Filter>
    </ClCompile>
    <ClCompile Include="src\ui\cnsl\state\fight.cpp">
      <Filter>Source Files</Filter>
    </ClCompile>
    <ClCompile Include="src\ui\cnsl\state\bag.cpp">
      <Filter>Source Files</Filter>
    </ClCompile>
  </ItemGroup>
  <ItemGroup>
    <ClInclude Include="src\main.h">
      <Filter>Header Files</Filter>
    </ClInclude>
    <ClInclude Include="src\ui\userinterfacebase.h">
      <Filter>Header Files</Filter>
    </ClInclude>
    <ClInclude Include="src\ui\cnsl\userinterface.h">
      <Filter>Header Files</Filter>
    </ClInclude>
    <ClInclude Include="src\game\game.h">
      <Filter>Header Files</Filter>
    </ClInclude>
    <ClInclude Include="src\ui\cnsl\state\menu.h">
      <Filter>Header Files</Filter>
    </ClInclude>
    <ClInclude Include="src\ui\cnsl\state\base.h">
      <Filter>Header Files</Filter>
    </ClInclude>
    <ClInclude Include="src\ui\cnsl\state\factory.h">
      <Filter>Header Files</Filter>
    </ClInclude>
    <ClInclude Include="src\ui\cnsl\state\herocreation.h">
      <Filter>Header Files</Filter>
    </ClInclude>
    <ClInclude Include="src\game\hero.h">
      <Filter>Header Files</Filter>
    </ClInclude>
    <ClInclude Include="src\ui\cnsl\commanddescription.h">
      <Filter>Header Files</Filter>
    </ClInclude>
    <ClInclude Include="src\game\dungeon.h">
      <Filter>Header Files</Filter>
    </ClInclude>
    <ClInclude Include="src\game\items\weapon.h">
      <Filter>Header Files</Filter>
    </ClInclude>
    <ClInclude Include="src\game\items\potion.h">
      <Filter>Header Files</Filter>
    </ClInclude>
    <ClInclude Include="src\game\items\grenade.h">
      <Filter>Header Files</Filter>
    </ClInclude>
    <ClInclude Include="src\game\items\shield.h">
      <Filter>Header Files</Filter>
    </ClInclude>
    <ClInclude Include="src\game\items\talisman.h">
      <Filter>Header Files</Filter>
    </ClInclude>
    <ClInclude Include="src\game\items\item.h">
      <Filter>Header Files</Filter>
    </ClInclude>
    <ClInclude Include="src\ui\cnsl\state\heroselection.h">
      <Filter>Header Files</Filter>
    </ClInclude>
    <ClInclude Include="src\ui\cnsl\state\type.h">
      <Filter>Header Files</Filter>
    </ClInclude>
    <ClInclude Include="src\ui\cnsl\state\registrar.hpp">
      <Filter>Header Files</Filter>
    </ClInclude>
    <ClInclude Include="src\ui\cnsl\state\context.h">
      <Filter>Header Files</Filter>
    </ClInclude>
    <ClInclude Include="src\game\errorcategory.h">
      <Filter>Header Files</Filter>
    </ClInclude>
    <ClInclude Include="src\ui\cnsl\state\dungeonselection.h">
      <Filter>Header Files</Filter>
    </ClInclude>
    <ClInclude Include="src\ui\cnsl\state\map.h">
      <Filter>Header Files</Filter>
    </ClInclude>
    <ClInclude Include="src\game\dungeonlayer.h">
      <Filter>Header Files</Filter>
    </ClInclude>
    <ClInclude Include="src\game\dungeonrow.h">
      <Filter>Header Files</Filter>
    </ClInclude>
    <ClInclude Include="src\game\nodes\type.h">
      <Filter>Header Files</Filter>
    </ClInclude>
    <ClInclude Include="src\game\nodes\visitor.h">
      <Filter>Header Files</Filter>
    </ClInclude>
    <ClInclude Include="src\game\nodes\node.h">
      <Filter>Header Files</Filter>
    </ClInclude>
    <ClInclude Include="src\game\nodes\corridor.h">
      <Filter>Header Files</Filter>
    </ClInclude>
    <ClInclude Include="src\game\nodes\room.h">
      <Filter>Header Files</Filter>
    </ClInclude>
    <ClInclude Include="src\game\nodes\horizontalcorridor.h">
      <Filter>Header Files</Filter>
    </ClInclude>
    <ClInclude Include="src\game\nodes\verticalcorridor.h">
      <Filter>Header Files</Filter>
    </ClInclude>
    <ClInclude Include="src\game\error.h">
      <Filter>Header Files</Filter>
    </ClInclude>
    <ClInclude Include="src\game\nodes\placeholder.h">
      <Filter>Header Files</Filter>
    </ClInclude>
    <ClInclude Include="src\ui\cnsl\state\room.h">
      <Filter>Header Files</Filter>
    </ClInclude>
    <ClInclude Include="src\game\nodes\stairsup.h">
      <Filter>Header Files</Filter>
    </ClInclude>
    <ClInclude Include="src\game\nodes\stairsdown.h">
      <Filter>Header Files</Filter>
    </ClInclude>
    <ClInclude Include="src\game\nodes\space.h">
      <Filter>Header Files</Filter>
    </ClInclude>
    <ClInclude Include="src\game\monster.h">
      <Filter>Header Files</Filter>
    </ClInclude>
    <ClInclude Include="src\ui\cnsl\state\fight.h">
      <Filter>Header Files</Filter>
    </ClInclude>
    <ClInclude Include="src\ui\cnsl\state\bag.h">
      <Filter>Header Files</Filter>
    </ClInclude>
  </ItemGroup>
  <ItemGroup>
    <Text Include="heroes\Bear Dalton.hero" />
    <Text Include="heroes\Manly Man.hero" />
  </ItemGroup>
</Project>